
Microsoft Visual Studio Solution File, Format Version 12.00
# Visual Studio Version 17
VisualStudioVersion = 17.9.34616.47
MinimumVisualStudioVersion = 10.0.40219.1
Project("{FAE04EC0-301F-11D3-BF4B-00C04F79EFBC}") = "LeerTeclado", "LeerTeclado.csproj", "{F5BAC3E6-2461-45E2-A15B-F9C657B32D20}"
EndProject
Global
	GlobalSection(SolutionConfigurationPlatforms) = preSolution
		Debug|Any CPU = Debug|Any CPU
		Release|Any CPU = Release|Any CPU
	EndGlobalSection
	GlobalSection(ProjectConfigurationPlatforms) = postSolution
		{F5BAC3E6-2461-45E2-A15B-F9C657B32D20}.Debug|Any CPU.ActiveCfg = Debug|Any CPU
		{F5BAC3E6-2461-45E2-A15B-F9C657B32D20}.Debug|Any CPU.Build.0 = Debug|Any CPU
		{F5BAC3E6-2461-45E2-A15B-F9C657B32D20}.Release|Any CPU.ActiveCfg = Release|Any CPU
		{F5BAC3E6-2461-45E2-A15B-F9C657B32D20}.Release|Any CPU.Build.0 = Release|Any CPU
	EndGlobalSection
	GlobalSection(SolutionProperties) = preSolution
		HideSolutionNode = FALSE
	EndGlobalSection
	GlobalSection(ExtensibilityGlobals) = postSolution
		SolutionGuid = {7F076FB4-2DE6-46B5-86A5-68D62117E08E}
	EndGlobalSection
EndGlobal
